// !$*UTF8*$!
{
	archiveVersion = 1;
	classes = {
	};
	objectVersion = 46;
	objects = {

/* Begin PBXBuildFile section */
		3102855B1EC8DEC900B4A5F6 /* libportaudio.a in Frameworks */ = {isa = PBXBuildFile; fileRef = 3102855A1EC8DEC900B4A5F6 /* libportaudio.a */; };
		3102855D1EC8E6D200B4A5F6 /* libportmidi.dylib in Frameworks */ = {isa = PBXBuildFile; fileRef = 3102855C1EC8E6D200B4A5F6 /* libportmidi.dylib */; };
		310285601EC8E7E300B4A5F6 /* controller.cpp in Sources */ = {isa = PBXBuildFile; fileRef = 3102855E1EC8E7E300B4A5F6 /* controller.cpp */; };
		310285631EC8E87400B4A5F6 /* output.cpp in Sources */ = {isa = PBXBuildFile; fileRef = 310285611EC8E87400B4A5F6 /* output.cpp */; };
		310285661EC8E9A600B4A5F6 /* input.cpp in Sources */ = {isa = PBXBuildFile; fileRef = 310285641EC8E9A600B4A5F6 /* input.cpp */; };
		310285691EC8F0A600B4A5F6 /* log.cpp in Sources */ = {isa = PBXBuildFile; fileRef = 310285671EC8F0A600B4A5F6 /* log.cpp */; };
		3102856A1EC8F7C300B4A5F6 /* main.cpp in Sources */ = {isa = PBXBuildFile; fileRef = 310285531EC8DB5600B4A5F6 /* main.cpp */; };
		310285701EC8F7FC00B4A5F6 /* instrument.cpp in Sources */ = {isa = PBXBuildFile; fileRef = 3102856E1EC8F7FC00B4A5F6 /* instrument.cpp */; };
		310EFDF31ECA384100F28034 /* midistate.cpp in Sources */ = {isa = PBXBuildFile; fileRef = 310EFDF11ECA384100F28034 /* midistate.cpp */; };
		311049A21ED068F2000E89F1 /* unitkeyvelocity.cpp in Sources */ = {isa = PBXBuildFile; fileRef = 311049A01ED068F2000E89F1 /* unitkeyvelocity.cpp */; };
		311049A51ED07DC9000E89F1 /* basic.cpp in Sources */ = {isa = PBXBuildFile; fileRef = 311049A31ED07DC9000E89F1 /* basic.cpp */; };
		311049A81ED0C873000E89F1 /* unitlowpass.cpp in Sources */ = {isa = PBXBuildFile; fileRef = 311049A61ED0C873000E89F1 /* unitlowpass.cpp */; };
		311049AB1ED0D375000E89F1 /* unithighpass.cpp in Sources */ = {isa = PBXBuildFile; fileRef = 311049A91ED0D375000E89F1 /* unithighpass.cpp */; };
		311049AE1ED0D8DE000E89F1 /* unitfunction.cpp in Sources */ = {isa = PBXBuildFile; fileRef = 311049AC1ED0D8DE000E89F1 /* unitfunction.cpp */; };
		311049B11ED0D93D000E89F1 /* function.cpp in Sources */ = {isa = PBXBuildFile; fileRef = 311049AF1ED0D93D000E89F1 /* function.cpp */; };
		312D2EA71ED1C6F1005B4508 /* keyevent.cpp in Sources */ = {isa = PBXBuildFile; fileRef = 312D2EA61ED1C6F1005B4508 /* keyevent.cpp */; };
		312D2EAA1ED1CE83005B4508 /* unitkeyoutput.cpp in Sources */ = {isa = PBXBuildFile; fileRef = 312D2EA81ED1CE83005B4508 /* unitkeyoutput.cpp */; };
		31D719571ECB04BA00A4C9E0 /* settings.cpp in Sources */ = {isa = PBXBuildFile; fileRef = 31D719551ECB04BA00A4C9E0 /* settings.cpp */; };
		31D7195A1ECB0BAE00A4C9E0 /* sample.cpp in Sources */ = {isa = PBXBuildFile; fileRef = 31D719581ECB0BAE00A4C9E0 /* sample.cpp */; };
		31D719601ECC4E5700A4C9E0 /* unitADSR.cpp in Sources */ = {isa = PBXBuildFile; fileRef = 31D7195E1ECC4E5700A4C9E0 /* unitADSR.cpp */; };
		31D719631ECC9D9800A4C9E0 /* interpolation.cpp in Sources */ = {isa = PBXBuildFile; fileRef = 31D719611ECC9D9800A4C9E0 /* interpolation.cpp */; };
		31D719651ECCDCAC00A4C9E0 /* libfftw3.a in Frameworks */ = {isa = PBXBuildFile; fileRef = 31D719641ECCDCAC00A4C9E0 /* libfftw3.a */; };
		31D7196B1ECDEE2E00A4C9E0 /* unit.cpp in Sources */ = {isa = PBXBuildFile; fileRef = 31D719691ECDEE2E00A4C9E0 /* unit.cpp */; };
		31D719761ECE1BE000A4C9E0 /* unitkeyfrequency.cpp in Sources */ = {isa = PBXBuildFile; fileRef = 31D719741ECE1BE000A4C9E0 /* unitkeyfrequency.cpp */; };
		31D7197E1ECE2E4500A4C9E0 /* parser.cpp in Sources */ = {isa = PBXBuildFile; fileRef = 31D7197C1ECE2E4500A4C9E0 /* parser.cpp */; };
		31D719811ECE317B00A4C9E0 /* commands.cpp in Sources */ = {isa = PBXBuildFile; fileRef = 31D7197F1ECE317B00A4C9E0 /* commands.cpp */; };
		31EC60321ECF264F004671E2 /* util.cpp in Sources */ = {isa = PBXBuildFile; fileRef = 31EC60301ECF264F004671E2 /* util.cpp */; };
		31EC60351ECF2811004671E2 /* unitconstant.cpp in Sources */ = {isa = PBXBuildFile; fileRef = 31EC60331ECF2811004671E2 /* unitconstant.cpp */; };
		31EC60381ECF3169004671E2 /* unitoscillator.cpp in Sources */ = {isa = PBXBuildFile; fileRef = 31EC60361ECF3169004671E2 /* unitoscillator.cpp */; };
		31EC603B1ECF3CC1004671E2 /* unitmodulationwheel.cpp in Sources */ = {isa = PBXBuildFile; fileRef = 31EC60391ECF3CC1004671E2 /* unitmodulationwheel.cpp */; };
		31EC60411ECF45BE004671E2 /* unitadder.cpp in Sources */ = {isa = PBXBuildFile; fileRef = 31EC603F1ECF45BD004671E2 /* unitadder.cpp */; };
/* End PBXBuildFile section */

/* Begin PBXCopyFilesBuildPhase section */
		3102854E1EC8DB5600B4A5F6 /* CopyFiles */ = {
			isa = PBXCopyFilesBuildPhase;
			buildActionMask = 2147483647;
			dstPath = /usr/share/man/man1/;
			dstSubfolderSpec = 0;
			files = (
			);
			runOnlyForDeploymentPostprocessing = 1;
		};
/* End PBXCopyFilesBuildPhase section */

/* Begin PBXFileReference section */
		310285501EC8DB5600B4A5F6 /* synthesizer */ = {isa = PBXFileReference; explicitFileType = "compiled.mach-o.executable"; includeInIndex = 0; path = synthesizer; sourceTree = BUILT_PRODUCTS_DIR; };
		310285531EC8DB5600B4A5F6 /* main.cpp */ = {isa = PBXFileReference; lastKnownFileType = sourcecode.cpp.cpp; path = main.cpp; sourceTree = "<group>"; };
		3102855A1EC8DEC900B4A5F6 /* libportaudio.a */ = {isa = PBXFileReference; lastKnownFileType = archive.ar; name = libportaudio.a; path = ../../../../../usr/local/lib/libportaudio.a; sourceTree = "<group>"; };
		3102855C1EC8E6D200B4A5F6 /* libportmidi.dylib */ = {isa = PBXFileReference; lastKnownFileType = "compiled.mach-o.dylib"; name = libportmidi.dylib; path = ../../../../../usr/local/lib/libportmidi.dylib; sourceTree = "<group>"; };
		3102855E1EC8E7E300B4A5F6 /* controller.cpp */ = {isa = PBXFileReference; fileEncoding = 4; lastKnownFileType = sourcecode.cpp.cpp; path = controller.cpp; sourceTree = "<group>"; };
		3102855F1EC8E7E300B4A5F6 /* controller.hpp */ = {isa = PBXFileReference; fileEncoding = 4; lastKnownFileType = sourcecode.cpp.h; path = controller.hpp; sourceTree = "<group>"; };
		310285611EC8E87400B4A5F6 /* output.cpp */ = {isa = PBXFileReference; fileEncoding = 4; lastKnownFileType = sourcecode.cpp.cpp; path = output.cpp; sourceTree = "<group>"; };
		310285621EC8E87400B4A5F6 /* output.hpp */ = {isa = PBXFileReference; fileEncoding = 4; lastKnownFileType = sourcecode.cpp.h; path = output.hpp; sourceTree = "<group>"; };
		310285641EC8E9A600B4A5F6 /* input.cpp */ = {isa = PBXFileReference; fileEncoding = 4; lastKnownFileType = sourcecode.cpp.cpp; path = input.cpp; sourceTree = "<group>"; };
		310285651EC8E9A600B4A5F6 /* input.hpp */ = {isa = PBXFileReference; fileEncoding = 4; lastKnownFileType = sourcecode.cpp.h; path = input.hpp; sourceTree = "<group>"; };
		310285671EC8F0A600B4A5F6 /* log.cpp */ = {isa = PBXFileReference; fileEncoding = 4; lastKnownFileType = sourcecode.cpp.cpp; path = log.cpp; sourceTree = "<group>"; };
		310285681EC8F0A600B4A5F6 /* log.hpp */ = {isa = PBXFileReference; fileEncoding = 4; lastKnownFileType = sourcecode.cpp.h; path = log.hpp; sourceTree = "<group>"; };
		3102856E1EC8F7FC00B4A5F6 /* instrument.cpp */ = {isa = PBXFileReference; fileEncoding = 4; lastKnownFileType = sourcecode.cpp.cpp; path = instrument.cpp; sourceTree = "<group>"; };
		3102856F1EC8F7FC00B4A5F6 /* instrument.hpp */ = {isa = PBXFileReference; fileEncoding = 4; lastKnownFileType = sourcecode.cpp.h; path = instrument.hpp; sourceTree = "<group>"; };
		310EFDF11ECA384100F28034 /* midistate.cpp */ = {isa = PBXFileReference; fileEncoding = 4; lastKnownFileType = sourcecode.cpp.cpp; path = midistate.cpp; sourceTree = "<group>"; };
		310EFDF21ECA384100F28034 /* midistate.hpp */ = {isa = PBXFileReference; fileEncoding = 4; lastKnownFileType = sourcecode.cpp.h; path = midistate.hpp; sourceTree = "<group>"; };
		311049A01ED068F2000E89F1 /* unitkeyvelocity.cpp */ = {isa = PBXFileReference; fileEncoding = 4; lastKnownFileType = sourcecode.cpp.cpp; path = unitkeyvelocity.cpp; sourceTree = "<group>"; };
		311049A11ED068F2000E89F1 /* unitkeyvelocity.hpp */ = {isa = PBXFileReference; fileEncoding = 4; lastKnownFileType = sourcecode.cpp.h; path = unitkeyvelocity.hpp; sourceTree = "<group>"; };
		311049A31ED07DC9000E89F1 /* basic.cpp */ = {isa = PBXFileReference; fileEncoding = 4; lastKnownFileType = sourcecode.cpp.cpp; path = basic.cpp; sourceTree = "<group>"; };
		311049A41ED07DC9000E89F1 /* basic.hpp */ = {isa = PBXFileReference; fileEncoding = 4; lastKnownFileType = sourcecode.cpp.h; path = basic.hpp; sourceTree = "<group>"; };
		311049A61ED0C873000E89F1 /* unitlowpass.cpp */ = {isa = PBXFileReference; fileEncoding = 4; lastKnownFileType = sourcecode.cpp.cpp; path = unitlowpass.cpp; sourceTree = "<group>"; };
		311049A71ED0C873000E89F1 /* unitlowpass.hpp */ = {isa = PBXFileReference; fileEncoding = 4; lastKnownFileType = sourcecode.cpp.h; path = unitlowpass.hpp; sourceTree = "<group>"; };
		311049A91ED0D375000E89F1 /* unithighpass.cpp */ = {isa = PBXFileReference; fileEncoding = 4; lastKnownFileType = sourcecode.cpp.cpp; path = unithighpass.cpp; sourceTree = "<group>"; };
		311049AA1ED0D375000E89F1 /* unithighpass.hpp */ = {isa = PBXFileReference; fileEncoding = 4; lastKnownFileType = sourcecode.cpp.h; path = unithighpass.hpp; sourceTree = "<group>"; };
		311049AC1ED0D8DE000E89F1 /* unitfunction.cpp */ = {isa = PBXFileReference; fileEncoding = 4; lastKnownFileType = sourcecode.cpp.cpp; path = unitfunction.cpp; sourceTree = "<group>"; };
		311049AD1ED0D8DE000E89F1 /* unitfunction.hpp */ = {isa = PBXFileReference; fileEncoding = 4; lastKnownFileType = sourcecode.cpp.h; path = unitfunction.hpp; sourceTree = "<group>"; };
		311049AF1ED0D93D000E89F1 /* function.cpp */ = {isa = PBXFileReference; fileEncoding = 4; lastKnownFileType = sourcecode.cpp.cpp; path = function.cpp; sourceTree = "<group>"; };
		311049B01ED0D93D000E89F1 /* function.hpp */ = {isa = PBXFileReference; fileEncoding = 4; lastKnownFileType = sourcecode.cpp.h; path = function.hpp; sourceTree = "<group>"; };
		312D2EA41ED1B72D005B4508 /* keyevent.hpp */ = {isa = PBXFileReference; fileEncoding = 4; lastKnownFileType = sourcecode.cpp.h; path = keyevent.hpp; sourceTree = "<group>"; };
		312D2EA61ED1C6F1005B4508 /* keyevent.cpp */ = {isa = PBXFileReference; fileEncoding = 4; lastKnownFileType = sourcecode.cpp.cpp; path = keyevent.cpp; sourceTree = "<group>"; };
		312D2EA81ED1CE83005B4508 /* unitkeyoutput.cpp */ = {isa = PBXFileReference; fileEncoding = 4; lastKnownFileType = sourcecode.cpp.cpp; path = unitkeyoutput.cpp; sourceTree = "<group>"; };
		312D2EA91ED1CE83005B4508 /* unitkeyoutput.hpp */ = {isa = PBXFileReference; fileEncoding = 4; lastKnownFileType = sourcecode.cpp.h; path = unitkeyoutput.hpp; sourceTree = "<group>"; };
		31D719551ECB04BA00A4C9E0 /* settings.cpp */ = {isa = PBXFileReference; fileEncoding = 4; lastKnownFileType = sourcecode.cpp.cpp; path = settings.cpp; sourceTree = "<group>"; };
		31D719561ECB04BA00A4C9E0 /* settings.hpp */ = {isa = PBXFileReference; fileEncoding = 4; lastKnownFileType = sourcecode.cpp.h; path = settings.hpp; sourceTree = "<group>"; };
		31D719581ECB0BAE00A4C9E0 /* sample.cpp */ = {isa = PBXFileReference; fileEncoding = 4; lastKnownFileType = sourcecode.cpp.cpp; path = sample.cpp; sourceTree = "<group>"; };
		31D719591ECB0BAE00A4C9E0 /* sample.hpp */ = {isa = PBXFileReference; fileEncoding = 4; lastKnownFileType = sourcecode.cpp.h; path = sample.hpp; sourceTree = "<group>"; };
		31D7195E1ECC4E5700A4C9E0 /* unitADSR.cpp */ = {isa = PBXFileReference; fileEncoding = 4; lastKnownFileType = sourcecode.cpp.cpp; path = unitADSR.cpp; sourceTree = "<group>"; };
		31D7195F1ECC4E5700A4C9E0 /* unitADSR.hpp */ = {isa = PBXFileReference; fileEncoding = 4; lastKnownFileType = sourcecode.cpp.h; path = unitADSR.hpp; sourceTree = "<group>"; };
		31D719611ECC9D9800A4C9E0 /* interpolation.cpp */ = {isa = PBXFileReference; fileEncoding = 4; lastKnownFileType = sourcecode.cpp.cpp; path = interpolation.cpp; sourceTree = "<group>"; };
		31D719621ECC9D9800A4C9E0 /* interpolation.hpp */ = {isa = PBXFileReference; fileEncoding = 4; lastKnownFileType = sourcecode.cpp.h; path = interpolation.hpp; sourceTree = "<group>"; };
		31D719641ECCDCAC00A4C9E0 /* libfftw3.a */ = {isa = PBXFileReference; lastKnownFileType = archive.ar; name = libfftw3.a; path = ../../../../../usr/local/lib/libfftw3.a; sourceTree = "<group>"; };
		31D719691ECDEE2E00A4C9E0 /* unit.cpp */ = {isa = PBXFileReference; fileEncoding = 4; lastKnownFileType = sourcecode.cpp.cpp; path = unit.cpp; sourceTree = "<group>"; };
		31D7196A1ECDEE2E00A4C9E0 /* unit.hpp */ = {isa = PBXFileReference; fileEncoding = 4; lastKnownFileType = sourcecode.cpp.h; path = unit.hpp; sourceTree = "<group>"; };
		31D719741ECE1BE000A4C9E0 /* unitkeyfrequency.cpp */ = {isa = PBXFileReference; fileEncoding = 4; lastKnownFileType = sourcecode.cpp.cpp; path = unitkeyfrequency.cpp; sourceTree = "<group>"; };
		31D719751ECE1BE000A4C9E0 /* unitkeyfrequency.hpp */ = {isa = PBXFileReference; fileEncoding = 4; lastKnownFileType = sourcecode.cpp.h; path = unitkeyfrequency.hpp; sourceTree = "<group>"; };
		31D7197C1ECE2E4500A4C9E0 /* parser.cpp */ = {isa = PBXFileReference; fileEncoding = 4; lastKnownFileType = sourcecode.cpp.cpp; path = parser.cpp; sourceTree = "<group>"; };
		31D7197D1ECE2E4500A4C9E0 /* parser.hpp */ = {isa = PBXFileReference; fileEncoding = 4; lastKnownFileType = sourcecode.cpp.h; path = parser.hpp; sourceTree = "<group>"; };
		31D7197F1ECE317B00A4C9E0 /* commands.cpp */ = {isa = PBXFileReference; fileEncoding = 4; lastKnownFileType = sourcecode.cpp.cpp; path = commands.cpp; sourceTree = "<group>"; };
		31D719801ECE317B00A4C9E0 /* commands.hpp */ = {isa = PBXFileReference; fileEncoding = 4; lastKnownFileType = sourcecode.cpp.h; path = commands.hpp; sourceTree = "<group>"; };
		31EC60301ECF264F004671E2 /* util.cpp */ = {isa = PBXFileReference; fileEncoding = 4; lastKnownFileType = sourcecode.cpp.cpp; path = util.cpp; sourceTree = "<group>"; };
		31EC60311ECF264F004671E2 /* util.hpp */ = {isa = PBXFileReference; fileEncoding = 4; lastKnownFileType = sourcecode.cpp.h; path = util.hpp; sourceTree = "<group>"; };
		31EC60331ECF2811004671E2 /* unitconstant.cpp */ = {isa = PBXFileReference; fileEncoding = 4; lastKnownFileType = sourcecode.cpp.cpp; path = unitconstant.cpp; sourceTree = "<group>"; };
		31EC60341ECF2811004671E2 /* unitconstant.hpp */ = {isa = PBXFileReference; fileEncoding = 4; lastKnownFileType = sourcecode.cpp.h; path = unitconstant.hpp; sourceTree = "<group>"; };
		31EC60361ECF3169004671E2 /* unitoscillator.cpp */ = {isa = PBXFileReference; fileEncoding = 4; lastKnownFileType = sourcecode.cpp.cpp; path = unitoscillator.cpp; sourceTree = "<group>"; };
		31EC60371ECF3169004671E2 /* unitoscillator.hpp */ = {isa = PBXFileReference; fileEncoding = 4; lastKnownFileType = sourcecode.cpp.h; path = unitoscillator.hpp; sourceTree = "<group>"; };
		31EC60391ECF3CC1004671E2 /* unitmodulationwheel.cpp */ = {isa = PBXFileReference; fileEncoding = 4; lastKnownFileType = sourcecode.cpp.cpp; path = unitmodulationwheel.cpp; sourceTree = "<group>"; };
		31EC603A1ECF3CC1004671E2 /* unitmodulationwheel.hpp */ = {isa = PBXFileReference; fileEncoding = 4; lastKnownFileType = sourcecode.cpp.h; path = unitmodulationwheel.hpp; sourceTree = "<group>"; };
		31EC603F1ECF45BD004671E2 /* unitadder.cpp */ = {isa = PBXFileReference; fileEncoding = 4; lastKnownFileType = sourcecode.cpp.cpp; path = unitadder.cpp; sourceTree = "<group>"; };
		31EC60401ECF45BD004671E2 /* unitadder.hpp */ = {isa = PBXFileReference; fileEncoding = 4; lastKnownFileType = sourcecode.cpp.h; path = unitadder.hpp; sourceTree = "<group>"; };
/* End PBXFileReference section */

/* Begin PBXFrameworksBuildPhase section */
		3102854D1EC8DB5600B4A5F6 /* Frameworks */ = {
			isa = PBXFrameworksBuildPhase;
			buildActionMask = 2147483647;
			files = (
				3102855B1EC8DEC900B4A5F6 /* libportaudio.a in Frameworks */,
				3102855D1EC8E6D200B4A5F6 /* libportmidi.dylib in Frameworks */,
				31D719651ECCDCAC00A4C9E0 /* libfftw3.a in Frameworks */,
			);
			runOnlyForDeploymentPostprocessing = 0;
		};
/* End PBXFrameworksBuildPhase section */

/* Begin PBXGroup section */
		310285471EC8DB5600B4A5F6 = {
			isa = PBXGroup;
			children = (
				31D719641ECCDCAC00A4C9E0 /* libfftw3.a */,
				3102855C1EC8E6D200B4A5F6 /* libportmidi.dylib */,
				3102855A1EC8DEC900B4A5F6 /* libportaudio.a */,
				310285521EC8DB5600B4A5F6 /* synthesizer */,
				310285511EC8DB5600B4A5F6 /* Products */,
			);
			sourceTree = "<group>";
		};
		310285511EC8DB5600B4A5F6 /* Products */ = {
			isa = PBXGroup;
			children = (
				310285501EC8DB5600B4A5F6 /* synthesizer */,
			);
			name = Products;
			sourceTree = "<group>";
		};
		310285521EC8DB5600B4A5F6 /* synthesizer */ = {
			isa = PBXGroup;
			children = (
				31D719771ECE2D2200A4C9E0 /* main */,
				31D7197A1ECE2D9A00A4C9E0 /* core */,
				31D719781ECE2D3A00A4C9E0 /* system */,
				31D719791ECE2D6300A4C9E0 /* tools */,
				31D719701ECE0F5F00A4C9E0 /* units */,
				31D7197B1ECE2E1500A4C9E0 /* files */,
			);
			path = synthesizer;
			sourceTree = "<group>";
		};
		31D719701ECE0F5F00A4C9E0 /* units */ = {
			isa = PBXGroup;
			children = (
				31D719691ECDEE2E00A4C9E0 /* unit.cpp */,
				31D7196A1ECDEE2E00A4C9E0 /* unit.hpp */,
				31EC60331ECF2811004671E2 /* unitconstant.cpp */,
				31EC60341ECF2811004671E2 /* unitconstant.hpp */,
				31EC603F1ECF45BD004671E2 /* unitadder.cpp */,
				31EC60401ECF45BD004671E2 /* unitadder.hpp */,
				31EC60361ECF3169004671E2 /* unitoscillator.cpp */,
				31EC60371ECF3169004671E2 /* unitoscillator.hpp */,
				31D7195E1ECC4E5700A4C9E0 /* unitADSR.cpp */,
				31D7195F1ECC4E5700A4C9E0 /* unitADSR.hpp */,
				31EC60391ECF3CC1004671E2 /* unitmodulationwheel.cpp */,
				31EC603A1ECF3CC1004671E2 /* unitmodulationwheel.hpp */,
				31D719741ECE1BE000A4C9E0 /* unitkeyfrequency.cpp */,
				31D719751ECE1BE000A4C9E0 /* unitkeyfrequency.hpp */,
				311049A01ED068F2000E89F1 /* unitkeyvelocity.cpp */,
				311049A11ED068F2000E89F1 /* unitkeyvelocity.hpp */,
				311049A61ED0C873000E89F1 /* unitlowpass.cpp */,
				311049A71ED0C873000E89F1 /* unitlowpass.hpp */,
				311049A91ED0D375000E89F1 /* unithighpass.cpp */,
				311049AA1ED0D375000E89F1 /* unithighpass.hpp */,
				311049AC1ED0D8DE000E89F1 /* unitfunction.cpp */,
				311049AD1ED0D8DE000E89F1 /* unitfunction.hpp */,
				312D2EA81ED1CE83005B4508 /* unitkeyoutput.cpp */,
				312D2EA91ED1CE83005B4508 /* unitkeyoutput.hpp */,
			);
			name = units;
			sourceTree = "<group>";
		};
		31D719771ECE2D2200A4C9E0 /* main */ = {
			isa = PBXGroup;
			children = (
				310285531EC8DB5600B4A5F6 /* main.cpp */,
			);
			name = main;
			sourceTree = "<group>";
		};
		31D719781ECE2D3A00A4C9E0 /* system */ = {
			isa = PBXGroup;
			children = (
				310285611EC8E87400B4A5F6 /* output.cpp */,
				310285621EC8E87400B4A5F6 /* output.hpp */,
				310285641EC8E9A600B4A5F6 /* input.cpp */,
				310285651EC8E9A600B4A5F6 /* input.hpp */,
			);
			name = system;
			sourceTree = "<group>";
		};
		31D719791ECE2D6300A4C9E0 /* tools */ = {
			isa = PBXGroup;
			children = (
				310285671EC8F0A600B4A5F6 /* log.cpp */,
				310285681EC8F0A600B4A5F6 /* log.hpp */,
				31D719581ECB0BAE00A4C9E0 /* sample.cpp */,
				31D719591ECB0BAE00A4C9E0 /* sample.hpp */,
				31D719611ECC9D9800A4C9E0 /* interpolation.cpp */,
				31D719621ECC9D9800A4C9E0 /* interpolation.hpp */,
				31EC60301ECF264F004671E2 /* util.cpp */,
				31EC60311ECF264F004671E2 /* util.hpp */,
				311049AF1ED0D93D000E89F1 /* function.cpp */,
				311049B01ED0D93D000E89F1 /* function.hpp */,
			);
			name = tools;
			sourceTree = "<group>";
		};
		31D7197A1ECE2D9A00A4C9E0 /* core */ = {
			isa = PBXGroup;
			children = (
				3102855E1EC8E7E300B4A5F6 /* controller.cpp */,
				3102855F1EC8E7E300B4A5F6 /* controller.hpp */,
				3102856E1EC8F7FC00B4A5F6 /* instrument.cpp */,
				3102856F1EC8F7FC00B4A5F6 /* instrument.hpp */,
				31D719551ECB04BA00A4C9E0 /* settings.cpp */,
				31D719561ECB04BA00A4C9E0 /* settings.hpp */,
				310EFDF11ECA384100F28034 /* midistate.cpp */,
				310EFDF21ECA384100F28034 /* midistate.hpp */,
				311049A31ED07DC9000E89F1 /* basic.cpp */,
				311049A41ED07DC9000E89F1 /* basic.hpp */,
				312D2EA61ED1C6F1005B4508 /* keyevent.cpp */,
				312D2EA41ED1B72D005B4508 /* keyevent.hpp */,
			);
			name = core;
			sourceTree = "<group>";
		};
		31D7197B1ECE2E1500A4C9E0 /* files */ = {
			isa = PBXGroup;
			children = (
				31D7197C1ECE2E4500A4C9E0 /* parser.cpp */,
				31D7197D1ECE2E4500A4C9E0 /* parser.hpp */,
				31D7197F1ECE317B00A4C9E0 /* commands.cpp */,
				31D719801ECE317B00A4C9E0 /* commands.hpp */,
			);
			name = files;
			sourceTree = "<group>";
		};
/* End PBXGroup section */

/* Begin PBXNativeTarget section */
		3102854F1EC8DB5600B4A5F6 /* synthesizer */ = {
			isa = PBXNativeTarget;
			buildConfigurationList = 310285571EC8DB5600B4A5F6 /* Build configuration list for PBXNativeTarget "synthesizer" */;
			buildPhases = (
				3102854C1EC8DB5600B4A5F6 /* Sources */,
				3102854D1EC8DB5600B4A5F6 /* Frameworks */,
				3102854E1EC8DB5600B4A5F6 /* CopyFiles */,
			);
			buildRules = (
			);
			dependencies = (
			);
			name = synthesizer;
			productName = synthesizer;
			productReference = 310285501EC8DB5600B4A5F6 /* synthesizer */;
			productType = "com.apple.product-type.tool";
		};
/* End PBXNativeTarget section */

/* Begin PBXProject section */
		310285481EC8DB5600B4A5F6 /* Project object */ = {
			isa = PBXProject;
			attributes = {
				LastUpgradeCheck = 0720;
				ORGANIZATIONNAME = "Jesse Vogel";
				TargetAttributes = {
					3102854F1EC8DB5600B4A5F6 = {
						CreatedOnToolsVersion = 7.2.1;
					};
				};
			};
			buildConfigurationList = 3102854B1EC8DB5600B4A5F6 /* Build configuration list for PBXProject "synthesizer" */;
			compatibilityVersion = "Xcode 3.2";
			developmentRegion = English;
			hasScannedForEncodings = 0;
			knownRegions = (
				en,
			);
			mainGroup = 310285471EC8DB5600B4A5F6;
			productRefGroup = 310285511EC8DB5600B4A5F6 /* Products */;
			projectDirPath = "";
			projectRoot = "";
			targets = (
				3102854F1EC8DB5600B4A5F6 /* synthesizer */,
			);
		};
/* End PBXProject section */

/* Begin PBXSourcesBuildPhase section */
		3102854C1EC8DB5600B4A5F6 /* Sources */ = {
			isa = PBXSourcesBuildPhase;
			buildActionMask = 2147483647;
			files = (
				311049AE1ED0D8DE000E89F1 /* unitfunction.cpp in Sources */,
				310285601EC8E7E300B4A5F6 /* controller.cpp in Sources */,
				31D719811ECE317B00A4C9E0 /* commands.cpp in Sources */,
				310285701EC8F7FC00B4A5F6 /* instrument.cpp in Sources */,
				31D719761ECE1BE000A4C9E0 /* unitkeyfrequency.cpp in Sources */,
				311049A51ED07DC9000E89F1 /* basic.cpp in Sources */,
				310EFDF31ECA384100F28034 /* midistate.cpp in Sources */,
				31D7197E1ECE2E4500A4C9E0 /* parser.cpp in Sources */,
				31D719601ECC4E5700A4C9E0 /* unitADSR.cpp in Sources */,
				310285661EC8E9A600B4A5F6 /* input.cpp in Sources */,
				31EC60351ECF2811004671E2 /* unitconstant.cpp in Sources */,
				310285691EC8F0A600B4A5F6 /* log.cpp in Sources */,
				311049A21ED068F2000E89F1 /* unitkeyvelocity.cpp in Sources */,
				31EC60381ECF3169004671E2 /* unitoscillator.cpp in Sources */,
				31D7196B1ECDEE2E00A4C9E0 /* unit.cpp in Sources */,
				311049B11ED0D93D000E89F1 /* function.cpp in Sources */,
				311049A81ED0C873000E89F1 /* unitlowpass.cpp in Sources */,
				31EC60411ECF45BE004671E2 /* unitadder.cpp in Sources */,
				312D2EA71ED1C6F1005B4508 /* keyevent.cpp in Sources */,
				312D2EAA1ED1CE83005B4508 /* unitkeyoutput.cpp in Sources */,
				311049AB1ED0D375000E89F1 /* unithighpass.cpp in Sources */,
				31EC60321ECF264F004671E2 /* util.cpp in Sources */,
				31D719571ECB04BA00A4C9E0 /* settings.cpp in Sources */,
				31D719631ECC9D9800A4C9E0 /* interpolation.cpp in Sources */,
				3102856A1EC8F7C300B4A5F6 /* main.cpp in Sources */,
				310285631EC8E87400B4A5F6 /* output.cpp in Sources */,
				31D7195A1ECB0BAE00A4C9E0 /* sample.cpp in Sources */,
				31EC603B1ECF3CC1004671E2 /* unitmodulationwheel.cpp in Sources */,
			);
			runOnlyForDeploymentPostprocessing = 0;
		};
/* End PBXSourcesBuildPhase section */

/* Begin XCBuildConfiguration section */
		310285551EC8DB5600B4A5F6 /* Debug */ = {
			isa = XCBuildConfiguration;
			buildSettings = {
				ALWAYS_SEARCH_USER_PATHS = NO;
				CLANG_CXX_LANGUAGE_STANDARD = "gnu++0x";
				CLANG_CXX_LIBRARY = "libc++";
				CLANG_ENABLE_MODULES = YES;
				CLANG_ENABLE_OBJC_ARC = YES;
				CLANG_WARN_BOOL_CONVERSION = YES;
				CLANG_WARN_CONSTANT_CONVERSION = YES;
				CLANG_WARN_DIRECT_OBJC_ISA_USAGE = YES_ERROR;
				CLANG_WARN_EMPTY_BODY = YES;
				CLANG_WARN_ENUM_CONVERSION = YES;
				CLANG_WARN_INT_CONVERSION = YES;
				CLANG_WARN_OBJC_ROOT_CLASS = YES_ERROR;
				CLANG_WARN_UNREACHABLE_CODE = YES;
				CLANG_WARN__DUPLICATE_METHOD_MATCH = YES;
				CODE_SIGN_IDENTITY = "-";
				COPY_PHASE_STRIP = NO;
				DEBUG_INFORMATION_FORMAT = dwarf;
				ENABLE_STRICT_OBJC_MSGSEND = YES;
				ENABLE_TESTABILITY = YES;
				GCC_C_LANGUAGE_STANDARD = gnu99;
				GCC_DYNAMIC_NO_PIC = NO;
				GCC_NO_COMMON_BLOCKS = YES;
				GCC_OPTIMIZATION_LEVEL = 0;
				GCC_PREPROCESSOR_DEFINITIONS = (
					"DEBUG=1",
					"$(inherited)",
				);
				GCC_WARN_64_TO_32_BIT_CONVERSION = YES;
				GCC_WARN_ABOUT_RETURN_TYPE = YES_ERROR;
				GCC_WARN_UNDECLARED_SELECTOR = YES;
				GCC_WARN_UNINITIALIZED_AUTOS = YES_AGGRESSIVE;
				GCC_WARN_UNUSED_FUNCTION = YES;
				GCC_WARN_UNUSED_VARIABLE = YES;
				MACOSX_DEPLOYMENT_TARGET = 10.10;
				MTL_ENABLE_DEBUG_INFO = YES;
				ONLY_ACTIVE_ARCH = YES;
				SDKROOT = macosx;
			};
			name = Debug;
		};
		310285561EC8DB5600B4A5F6 /* Release */ = {
			isa = XCBuildConfiguration;
			buildSettings = {
				ALWAYS_SEARCH_USER_PATHS = NO;
				CLANG_CXX_LANGUAGE_STANDARD = "gnu++0x";
				CLANG_CXX_LIBRARY = "libc++";
				CLANG_ENABLE_MODULES = YES;
				CLANG_ENABLE_OBJC_ARC = YES;
				CLANG_WARN_BOOL_CONVERSION = YES;
				CLANG_WARN_CONSTANT_CONVERSION = YES;
				CLANG_WARN_DIRECT_OBJC_ISA_USAGE = YES_ERROR;
				CLANG_WARN_EMPTY_BODY = YES;
				CLANG_WARN_ENUM_CONVERSION = YES;
				CLANG_WARN_INT_CONVERSION = YES;
				CLANG_WARN_OBJC_ROOT_CLASS = YES_ERROR;
				CLANG_WARN_UNREACHABLE_CODE = YES;
				CLANG_WARN__DUPLICATE_METHOD_MATCH = YES;
				CODE_SIGN_IDENTITY = "-";
				COPY_PHASE_STRIP = NO;
				DEBUG_INFORMATION_FORMAT = "dwarf-with-dsym";
				ENABLE_NS_ASSERTIONS = NO;
				ENABLE_STRICT_OBJC_MSGSEND = YES;
				GCC_C_LANGUAGE_STANDARD = gnu99;
				GCC_NO_COMMON_BLOCKS = YES;
				GCC_WARN_64_TO_32_BIT_CONVERSION = YES;
				GCC_WARN_ABOUT_RETURN_TYPE = YES_ERROR;
				GCC_WARN_UNDECLARED_SELECTOR = YES;
				GCC_WARN_UNINITIALIZED_AUTOS = YES_AGGRESSIVE;
				GCC_WARN_UNUSED_FUNCTION = YES;
				GCC_WARN_UNUSED_VARIABLE = YES;
				MACOSX_DEPLOYMENT_TARGET = 10.10;
				MTL_ENABLE_DEBUG_INFO = NO;
				SDKROOT = macosx;
			};
			name = Release;
		};
		310285581EC8DB5600B4A5F6 /* Debug */ = {
			isa = XCBuildConfiguration;
			buildSettings = {
				HEADER_SEARCH_PATHS = /usr/local/include;
				LIBRARY_SEARCH_PATHS = /usr/local/lib;
				PRODUCT_NAME = "$(TARGET_NAME)";
			};
			name = Debug;
		};
		310285591EC8DB5600B4A5F6 /* Release */ = {
			isa = XCBuildConfiguration;
			buildSettings = {
				HEADER_SEARCH_PATHS = /usr/local/include;
				LIBRARY_SEARCH_PATHS = /usr/local/lib;
				PRODUCT_NAME = "$(TARGET_NAME)";
			};
			name = Release;
		};
/* End XCBuildConfiguration section */

/* Begin XCConfigurationList section */
		3102854B1EC8DB5600B4A5F6 /* Build configuration list for PBXProject "synthesizer" */ = {
			isa = XCConfigurationList;
			buildConfigurations = (
				310285551EC8DB5600B4A5F6 /* Debug */,
				310285561EC8DB5600B4A5F6 /* Release */,
			);
			defaultConfigurationIsVisible = 0;
			defaultConfigurationName = Release;
		};
		310285571EC8DB5600B4A5F6 /* Build configuration list for PBXNativeTarget "synthesizer" */ = {
			isa = XCConfigurationList;
			buildConfigurations = (
				310285581EC8DB5600B4A5F6 /* Debug */,
				310285591EC8DB5600B4A5F6 /* Release */,
			);
			defaultConfigurationIsVisible = 0;
			defaultConfigurationName = Release;
		};
/* End XCConfigurationList section */
	};
	rootObject = 310285481EC8DB5600B4A5F6 /* Project object */;
}
