// !$*UTF8*$!
{
	archiveVersion = 1;
	classes = {
	};
	objectVersion = 46;
	objects = {

/* Begin PBXBuildFile section */
		3102855B1EC8DEC900B4A5F6 /* libportaudio.a in Frameworks */ = {isa = PBXBuildFile; fileRef = 3102855A1EC8DEC900B4A5F6 /* libportaudio.a */; };
		3102855D1EC8E6D200B4A5F6 /* libportmidi.dylib in Frameworks */ = {isa = PBXBuildFile; fileRef = 3102855C1EC8E6D200B4A5F6 /* libportmidi.dylib */; };
		310285601EC8E7E300B4A5F6 /* controller.cpp in Sources */ = {isa = PBXBuildFile; fileRef = 3102855E1EC8E7E300B4A5F6 /* controller.cpp */; };
		310285631EC8E87400B4A5F6 /* audiodevices.cpp in Sources */ = {isa = PBXBuildFile; fileRef = 310285611EC8E87400B4A5F6 /* audiodevices.cpp */; };
		310285661EC8E9A600B4A5F6 /* mididevices.cpp in Sources */ = {isa = PBXBuildFile; fileRef = 310285641EC8E9A600B4A5F6 /* mididevices.cpp */; };
		3102856A1EC8F7C300B4A5F6 /* main.cpp in Sources */ = {isa = PBXBuildFile; fileRef = 310285531EC8DB5600B4A5F6 /* main.cpp */; };
		310EFDF31ECA384100F28034 /* midistate.cpp in Sources */ = {isa = PBXBuildFile; fileRef = 310EFDF11ECA384100F28034 /* midistate.cpp */; };
		311049A81ED0C873000E89F1 /* nodelowpass.cpp in Sources */ = {isa = PBXBuildFile; fileRef = 311049A61ED0C873000E89F1 /* nodelowpass.cpp */; };
		311049AB1ED0D375000E89F1 /* nodehighpass.cpp in Sources */ = {isa = PBXBuildFile; fileRef = 311049A91ED0D375000E89F1 /* nodehighpass.cpp */; };
		3111D6E41F0FF5FF000AEE3C /* nodecollector.cpp in Sources */ = {isa = PBXBuildFile; fileRef = 3111D6E21F0FF5FF000AEE3C /* nodecollector.cpp */; };
		3111D6E71F101677000AEE3C /* nodeaudiooutput.cpp in Sources */ = {isa = PBXBuildFile; fileRef = 3111D6E51F101677000AEE3C /* nodeaudiooutput.cpp */; };
		312D2EA71ED1C6F1005B4508 /* keyevent.cpp in Sources */ = {isa = PBXBuildFile; fileRef = 312D2EA61ED1C6F1005B4508 /* keyevent.cpp */; };
		314323ED1F1A615F00325B06 /* nodeoutput.cpp in Sources */ = {isa = PBXBuildFile; fileRef = 314323EB1F1A615F00325B06 /* nodeoutput.cpp */; };
		314323F01F1A914300325B06 /* nodecustom.cpp in Sources */ = {isa = PBXBuildFile; fileRef = 314323EE1F1A914300325B06 /* nodecustom.cpp */; };
		3174D24E1EFEB8EF00A229A8 /* IIRfilter.cpp in Sources */ = {isa = PBXBuildFile; fileRef = 3174D24C1EFEB8EF00A229A8 /* IIRfilter.cpp */; };
		319C90071EF6EB900041705D /* mididevice.cpp in Sources */ = {isa = PBXBuildFile; fileRef = 319C90051EF6EB900041705D /* mididevice.cpp */; };
		319C900D1EF70C3D0041705D /* nodes.cpp in Sources */ = {isa = PBXBuildFile; fileRef = 319C900B1EF70C3D0041705D /* nodes.cpp */; };
		31BB3B0F1EE33FD80077FA4D /* nodePWM.cpp in Sources */ = {isa = PBXBuildFile; fileRef = 31BB3B0D1EE33FD80077FA4D /* nodePWM.cpp */; };
		31D0317E1F2768FA0031732B /* options.cpp in Sources */ = {isa = PBXBuildFile; fileRef = 31D0317C1F2768FA0031732B /* options.cpp */; };
		31D719571ECB04BA00A4C9E0 /* settings.cpp in Sources */ = {isa = PBXBuildFile; fileRef = 31D719551ECB04BA00A4C9E0 /* settings.cpp */; };
		31D7195A1ECB0BAE00A4C9E0 /* sample.cpp in Sources */ = {isa = PBXBuildFile; fileRef = 31D719581ECB0BAE00A4C9E0 /* sample.cpp */; };
		31D719601ECC4E5700A4C9E0 /* nodeADSR.cpp in Sources */ = {isa = PBXBuildFile; fileRef = 31D7195E1ECC4E5700A4C9E0 /* nodeADSR.cpp */; };
		31D719631ECC9D9800A4C9E0 /* curve.cpp in Sources */ = {isa = PBXBuildFile; fileRef = 31D719611ECC9D9800A4C9E0 /* curve.cpp */; };
		31D7196B1ECDEE2E00A4C9E0 /* node.cpp in Sources */ = {isa = PBXBuildFile; fileRef = 31D719691ECDEE2E00A4C9E0 /* node.cpp */; };
		31D719761ECE1BE000A4C9E0 /* nodekeyinfo.cpp in Sources */ = {isa = PBXBuildFile; fileRef = 31D719741ECE1BE000A4C9E0 /* nodekeyinfo.cpp */; };
		31D7197E1ECE2E4500A4C9E0 /* parser.cpp in Sources */ = {isa = PBXBuildFile; fileRef = 31D7197C1ECE2E4500A4C9E0 /* parser.cpp */; };
		31D719811ECE317B00A4C9E0 /* commands.cpp in Sources */ = {isa = PBXBuildFile; fileRef = 31D7197F1ECE317B00A4C9E0 /* commands.cpp */; };
		31DE9FF91ED337D4003F5291 /* nodelabel.cpp in Sources */ = {isa = PBXBuildFile; fileRef = 31DE9FF71ED337D4003F5291 /* nodelabel.cpp */; };
		31EC60321ECF264F004671E2 /* util.cpp in Sources */ = {isa = PBXBuildFile; fileRef = 31EC60301ECF264F004671E2 /* util.cpp */; };
		31EC60351ECF2811004671E2 /* nodeconstant.cpp in Sources */ = {isa = PBXBuildFile; fileRef = 31EC60331ECF2811004671E2 /* nodeconstant.cpp */; };
		31EC60381ECF3169004671E2 /* nodeoscillator.cpp in Sources */ = {isa = PBXBuildFile; fileRef = 31EC60361ECF3169004671E2 /* nodeoscillator.cpp */; };
		31EC603B1ECF3CC1004671E2 /* nodemodulationwheel.cpp in Sources */ = {isa = PBXBuildFile; fileRef = 31EC60391ECF3CC1004671E2 /* nodemodulationwheel.cpp */; };
		31EC60411ECF45BE004671E2 /* nodeadder.cpp in Sources */ = {isa = PBXBuildFile; fileRef = 31EC603F1ECF45BD004671E2 /* nodeadder.cpp */; };
		31F610751F27B1C9002D2546 /* monitor.cpp in Sources */ = {isa = PBXBuildFile; fileRef = 31F610731F27B1C9002D2546 /* monitor.cpp */; };
		8835ABB11EF82EF7006C3F91 /* nodeaudioinput.cpp in Sources */ = {isa = PBXBuildFile; fileRef = 8835ABAF1EF82EF7006C3F91 /* nodeaudioinput.cpp */; };
		885048851EFBE4560045B9C8 /* nodefollower.cpp in Sources */ = {isa = PBXBuildFile; fileRef = 885048831EFBE4560045B9C8 /* nodefollower.cpp */; };
		886F98A51ED7245E003B8235 /* nodeleadkeyinfo.cpp in Sources */ = {isa = PBXBuildFile; fileRef = 886F98A31ED7245E003B8235 /* nodeleadkeyinfo.cpp */; };
		8870D9501EEC014600674DFC /* status.cpp in Sources */ = {isa = PBXBuildFile; fileRef = 8870D94E1EEC014600674DFC /* status.cpp */; };
		88846F6A1EE961D000745184 /* nodebandpass.cpp in Sources */ = {isa = PBXBuildFile; fileRef = 88846F681EE961D000745184 /* nodebandpass.cpp */; };
		8888FE1D1EDF5D1000B5D5BC /* nodefuzz.cpp in Sources */ = {isa = PBXBuildFile; fileRef = 8888FE1B1EDF5D1000B5D5BC /* nodefuzz.cpp */; };
		88A285331EE010B900066E68 /* nodedelay.cpp in Sources */ = {isa = PBXBuildFile; fileRef = 88A285311EE010B900066E68 /* nodedelay.cpp */; };
		88B0640D1EDDA86C00DE06E7 /* nodeconditional.cpp in Sources */ = {isa = PBXBuildFile; fileRef = 88B0640B1EDDA86C00DE06E7 /* nodeconditional.cpp */; };
		88DC88AA1F0ADAF50083DF20 /* nodefactory.cpp in Sources */ = {isa = PBXBuildFile; fileRef = 88DC88A81F0ADAF50083DF20 /* nodefactory.cpp */; };
		88F58AC11EE6CBD8004F1945 /* nodeparameter.cpp in Sources */ = {isa = PBXBuildFile; fileRef = 88F58ABF1EE6CBD8004F1945 /* nodeparameter.cpp */; };
		88F6E7721EF3196B006E6D49 /* nodeinput.cpp in Sources */ = {isa = PBXBuildFile; fileRef = 88F6E7701EF3196B006E6D49 /* nodeinput.cpp */; };
/* End PBXBuildFile section */

/* Begin PBXCopyFilesBuildPhase section */
		3102854E1EC8DB5600B4A5F6 /* Copy Files */ = {
			isa = PBXCopyFilesBuildPhase;
			buildActionMask = 2147483647;
			dstPath = /usr/share/man/man1;
			dstSubfolderSpec = 0;
			files = (
			);
			name = "Copy Files";
			runOnlyForDeploymentPostprocessing = 1;
		};
/* End PBXCopyFilesBuildPhase section */

/* Begin PBXFileReference section */
		310285501EC8DB5600B4A5F6 /* synthesizer */ = {isa = PBXFileReference; explicitFileType = "compiled.mach-o.executable"; includeInIndex = 0; path = synthesizer; sourceTree = BUILT_PRODUCTS_DIR; };
		310285531EC8DB5600B4A5F6 /* main.cpp */ = {isa = PBXFileReference; lastKnownFileType = sourcecode.cpp.cpp; path = main.cpp; sourceTree = "<group>"; };
		3102855A1EC8DEC900B4A5F6 /* libportaudio.a */ = {isa = PBXFileReference; lastKnownFileType = archive.ar; name = libportaudio.a; path = ../../../../../usr/local/lib/libportaudio.a; sourceTree = "<group>"; };
		3102855C1EC8E6D200B4A5F6 /* libportmidi.dylib */ = {isa = PBXFileReference; lastKnownFileType = "compiled.mach-o.dylib"; name = libportmidi.dylib; path = ../../../../../usr/local/lib/libportmidi.dylib; sourceTree = "<group>"; };
		3102855E1EC8E7E300B4A5F6 /* controller.cpp */ = {isa = PBXFileReference; fileEncoding = 4; lastKnownFileType = sourcecode.cpp.cpp; path = controller.cpp; sourceTree = "<group>"; };
		3102855F1EC8E7E300B4A5F6 /* controller.hpp */ = {isa = PBXFileReference; fileEncoding = 4; lastKnownFileType = sourcecode.cpp.h; path = controller.hpp; sourceTree = "<group>"; };
		310285611EC8E87400B4A5F6 /* audiodevices.cpp */ = {isa = PBXFileReference; fileEncoding = 4; lastKnownFileType = sourcecode.cpp.cpp; path = audiodevices.cpp; sourceTree = "<group>"; };
		310285621EC8E87400B4A5F6 /* audiodevices.hpp */ = {isa = PBXFileReference; fileEncoding = 4; lastKnownFileType = sourcecode.cpp.h; path = audiodevices.hpp; sourceTree = "<group>"; };
		310285641EC8E9A600B4A5F6 /* mididevices.cpp */ = {isa = PBXFileReference; fileEncoding = 4; lastKnownFileType = sourcecode.cpp.cpp; path = mididevices.cpp; sourceTree = "<group>"; };
		310285651EC8E9A600B4A5F6 /* mididevices.hpp */ = {isa = PBXFileReference; fileEncoding = 4; lastKnownFileType = sourcecode.cpp.h; path = mididevices.hpp; sourceTree = "<group>"; };
		310EFDF11ECA384100F28034 /* midistate.cpp */ = {isa = PBXFileReference; fileEncoding = 4; lastKnownFileType = sourcecode.cpp.cpp; path = midistate.cpp; sourceTree = "<group>"; };
		310EFDF21ECA384100F28034 /* midistate.hpp */ = {isa = PBXFileReference; fileEncoding = 4; lastKnownFileType = sourcecode.cpp.h; path = midistate.hpp; sourceTree = "<group>"; };
		311049A61ED0C873000E89F1 /* nodelowpass.cpp */ = {isa = PBXFileReference; fileEncoding = 4; lastKnownFileType = sourcecode.cpp.cpp; path = nodelowpass.cpp; sourceTree = "<group>"; };
		311049A71ED0C873000E89F1 /* nodelowpass.hpp */ = {isa = PBXFileReference; fileEncoding = 4; lastKnownFileType = sourcecode.cpp.h; path = nodelowpass.hpp; sourceTree = "<group>"; };
		311049A91ED0D375000E89F1 /* nodehighpass.cpp */ = {isa = PBXFileReference; fileEncoding = 4; lastKnownFileType = sourcecode.cpp.cpp; path = nodehighpass.cpp; sourceTree = "<group>"; };
		311049AA1ED0D375000E89F1 /* nodehighpass.hpp */ = {isa = PBXFileReference; fileEncoding = 4; lastKnownFileType = sourcecode.cpp.h; path = nodehighpass.hpp; sourceTree = "<group>"; };
		3111D6E21F0FF5FF000AEE3C /* nodecollector.cpp */ = {isa = PBXFileReference; fileEncoding = 4; lastKnownFileType = sourcecode.cpp.cpp; path = nodecollector.cpp; sourceTree = "<group>"; };
		3111D6E31F0FF5FF000AEE3C /* nodecollector.hpp */ = {isa = PBXFileReference; fileEncoding = 4; lastKnownFileType = sourcecode.cpp.h; path = nodecollector.hpp; sourceTree = "<group>"; };
		3111D6E51F101677000AEE3C /* nodeaudiooutput.cpp */ = {isa = PBXFileReference; fileEncoding = 4; lastKnownFileType = sourcecode.cpp.cpp; path = nodeaudiooutput.cpp; sourceTree = "<group>"; };
		3111D6E61F101677000AEE3C /* nodeaudiooutput.hpp */ = {isa = PBXFileReference; fileEncoding = 4; lastKnownFileType = sourcecode.cpp.h; path = nodeaudiooutput.hpp; sourceTree = "<group>"; };
		312D2EA41ED1B72D005B4508 /* keyevent.hpp */ = {isa = PBXFileReference; fileEncoding = 4; lastKnownFileType = sourcecode.cpp.h; path = keyevent.hpp; sourceTree = "<group>"; };
		312D2EA61ED1C6F1005B4508 /* keyevent.cpp */ = {isa = PBXFileReference; fileEncoding = 4; lastKnownFileType = sourcecode.cpp.cpp; path = keyevent.cpp; sourceTree = "<group>"; };
		314323EB1F1A615F00325B06 /* nodeoutput.cpp */ = {isa = PBXFileReference; fileEncoding = 4; lastKnownFileType = sourcecode.cpp.cpp; path = nodeoutput.cpp; sourceTree = "<group>"; };
		314323EC1F1A615F00325B06 /* nodeoutput.hpp */ = {isa = PBXFileReference; fileEncoding = 4; lastKnownFileType = sourcecode.cpp.h; path = nodeoutput.hpp; sourceTree = "<group>"; };
		314323EE1F1A914300325B06 /* nodecustom.cpp */ = {isa = PBXFileReference; fileEncoding = 4; lastKnownFileType = sourcecode.cpp.cpp; path = nodecustom.cpp; sourceTree = "<group>"; };
		314323EF1F1A914300325B06 /* nodecustom.hpp */ = {isa = PBXFileReference; fileEncoding = 4; lastKnownFileType = sourcecode.cpp.h; path = nodecustom.hpp; sourceTree = "<group>"; };
		3174D24C1EFEB8EF00A229A8 /* IIRfilter.cpp */ = {isa = PBXFileReference; fileEncoding = 4; lastKnownFileType = sourcecode.cpp.cpp; path = IIRfilter.cpp; sourceTree = "<group>"; };
		3174D24D1EFEB8EF00A229A8 /* IIRfilter.hpp */ = {isa = PBXFileReference; fileEncoding = 4; lastKnownFileType = sourcecode.cpp.h; path = IIRfilter.hpp; sourceTree = "<group>"; };
		319C90051EF6EB900041705D /* mididevice.cpp */ = {isa = PBXFileReference; fileEncoding = 4; lastKnownFileType = sourcecode.cpp.cpp; path = mididevice.cpp; sourceTree = "<group>"; };
		319C90061EF6EB900041705D /* mididevice.hpp */ = {isa = PBXFileReference; fileEncoding = 4; lastKnownFileType = sourcecode.cpp.h; path = mididevice.hpp; sourceTree = "<group>"; };
		319C900B1EF70C3D0041705D /* nodes.cpp */ = {isa = PBXFileReference; fileEncoding = 4; lastKnownFileType = sourcecode.cpp.cpp; path = nodes.cpp; sourceTree = "<group>"; };
		319C900C1EF70C3D0041705D /* nodes.hpp */ = {isa = PBXFileReference; fileEncoding = 4; lastKnownFileType = sourcecode.cpp.h; path = nodes.hpp; sourceTree = "<group>"; };
		31BB3B0D1EE33FD80077FA4D /* nodePWM.cpp */ = {isa = PBXFileReference; fileEncoding = 4; lastKnownFileType = sourcecode.cpp.cpp; path = nodePWM.cpp; sourceTree = "<group>"; };
		31BB3B0E1EE33FD80077FA4D /* nodePWM.hpp */ = {isa = PBXFileReference; fileEncoding = 4; lastKnownFileType = sourcecode.cpp.h; path = nodePWM.hpp; sourceTree = "<group>"; };
		31D0317C1F2768FA0031732B /* options.cpp */ = {isa = PBXFileReference; fileEncoding = 4; lastKnownFileType = sourcecode.cpp.cpp; path = options.cpp; sourceTree = "<group>"; };
		31D0317D1F2768FA0031732B /* options.hpp */ = {isa = PBXFileReference; fileEncoding = 4; lastKnownFileType = sourcecode.cpp.h; path = options.hpp; sourceTree = "<group>"; };
		31D719551ECB04BA00A4C9E0 /* settings.cpp */ = {isa = PBXFileReference; fileEncoding = 4; lastKnownFileType = sourcecode.cpp.cpp; path = settings.cpp; sourceTree = "<group>"; };
		31D719561ECB04BA00A4C9E0 /* settings.hpp */ = {isa = PBXFileReference; fileEncoding = 4; lastKnownFileType = sourcecode.cpp.h; path = settings.hpp; sourceTree = "<group>"; };
		31D719581ECB0BAE00A4C9E0 /* sample.cpp */ = {isa = PBXFileReference; fileEncoding = 4; lastKnownFileType = sourcecode.cpp.cpp; path = sample.cpp; sourceTree = "<group>"; };
		31D719591ECB0BAE00A4C9E0 /* sample.hpp */ = {isa = PBXFileReference; fileEncoding = 4; lastKnownFileType = sourcecode.cpp.h; path = sample.hpp; sourceTree = "<group>"; };
		31D7195E1ECC4E5700A4C9E0 /* nodeADSR.cpp */ = {isa = PBXFileReference; fileEncoding = 4; lastKnownFileType = sourcecode.cpp.cpp; path = nodeADSR.cpp; sourceTree = "<group>"; };
		31D7195F1ECC4E5700A4C9E0 /* nodeADSR.hpp */ = {isa = PBXFileReference; fileEncoding = 4; lastKnownFileType = sourcecode.cpp.h; path = nodeADSR.hpp; sourceTree = "<group>"; };
		31D719611ECC9D9800A4C9E0 /* curve.cpp */ = {isa = PBXFileReference; fileEncoding = 4; lastKnownFileType = sourcecode.cpp.cpp; path = curve.cpp; sourceTree = "<group>"; };
		31D719621ECC9D9800A4C9E0 /* curve.hpp */ = {isa = PBXFileReference; fileEncoding = 4; lastKnownFileType = sourcecode.cpp.h; path = curve.hpp; sourceTree = "<group>"; };
		31D719691ECDEE2E00A4C9E0 /* node.cpp */ = {isa = PBXFileReference; fileEncoding = 4; lastKnownFileType = sourcecode.cpp.cpp; path = node.cpp; sourceTree = "<group>"; };
		31D7196A1ECDEE2E00A4C9E0 /* node.hpp */ = {isa = PBXFileReference; fileEncoding = 4; lastKnownFileType = sourcecode.cpp.h; path = node.hpp; sourceTree = "<group>"; };
		31D719741ECE1BE000A4C9E0 /* nodekeyinfo.cpp */ = {isa = PBXFileReference; fileEncoding = 4; lastKnownFileType = sourcecode.cpp.cpp; path = nodekeyinfo.cpp; sourceTree = "<group>"; };
		31D719751ECE1BE000A4C9E0 /* nodekeyinfo.hpp */ = {isa = PBXFileReference; fileEncoding = 4; lastKnownFileType = sourcecode.cpp.h; path = nodekeyinfo.hpp; sourceTree = "<group>"; };
		31D7197C1ECE2E4500A4C9E0 /* parser.cpp */ = {isa = PBXFileReference; fileEncoding = 4; lastKnownFileType = sourcecode.cpp.cpp; path = parser.cpp; sourceTree = "<group>"; };
		31D7197D1ECE2E4500A4C9E0 /* parser.hpp */ = {isa = PBXFileReference; fileEncoding = 4; lastKnownFileType = sourcecode.cpp.h; path = parser.hpp; sourceTree = "<group>"; };
		31D7197F1ECE317B00A4C9E0 /* commands.cpp */ = {isa = PBXFileReference; fileEncoding = 4; lastKnownFileType = sourcecode.cpp.cpp; path = commands.cpp; sourceTree = "<group>"; };
		31D719801ECE317B00A4C9E0 /* commands.hpp */ = {isa = PBXFileReference; fileEncoding = 4; lastKnownFileType = sourcecode.cpp.h; path = commands.hpp; sourceTree = "<group>"; };
		31DE9FF71ED337D4003F5291 /* nodelabel.cpp */ = {isa = PBXFileReference; fileEncoding = 4; lastKnownFileType = sourcecode.cpp.cpp; path = nodelabel.cpp; sourceTree = "<group>"; };
		31DE9FF81ED337D4003F5291 /* nodelabel.hpp */ = {isa = PBXFileReference; fileEncoding = 4; lastKnownFileType = sourcecode.cpp.h; path = nodelabel.hpp; sourceTree = "<group>"; };
		31EC60301ECF264F004671E2 /* util.cpp */ = {isa = PBXFileReference; fileEncoding = 4; lastKnownFileType = sourcecode.cpp.cpp; path = util.cpp; sourceTree = "<group>"; };
		31EC60311ECF264F004671E2 /* util.hpp */ = {isa = PBXFileReference; fileEncoding = 4; lastKnownFileType = sourcecode.cpp.h; path = util.hpp; sourceTree = "<group>"; };
		31EC60331ECF2811004671E2 /* nodeconstant.cpp */ = {isa = PBXFileReference; fileEncoding = 4; lastKnownFileType = sourcecode.cpp.cpp; path = nodeconstant.cpp; sourceTree = "<group>"; };
		31EC60341ECF2811004671E2 /* nodeconstant.hpp */ = {isa = PBXFileReference; fileEncoding = 4; lastKnownFileType = sourcecode.cpp.h; path = nodeconstant.hpp; sourceTree = "<group>"; };
		31EC60361ECF3169004671E2 /* nodeoscillator.cpp */ = {isa = PBXFileReference; fileEncoding = 4; lastKnownFileType = sourcecode.cpp.cpp; path = nodeoscillator.cpp; sourceTree = "<group>"; };
		31EC60371ECF3169004671E2 /* nodeoscillator.hpp */ = {isa = PBXFileReference; fileEncoding = 4; lastKnownFileType = sourcecode.cpp.h; path = nodeoscillator.hpp; sourceTree = "<group>"; };
		31EC60391ECF3CC1004671E2 /* nodemodulationwheel.cpp */ = {isa = PBXFileReference; fileEncoding = 4; lastKnownFileType = sourcecode.cpp.cpp; path = nodemodulationwheel.cpp; sourceTree = "<group>"; };
		31EC603A1ECF3CC1004671E2 /* nodemodulationwheel.hpp */ = {isa = PBXFileReference; fileEncoding = 4; lastKnownFileType = sourcecode.cpp.h; path = nodemodulationwheel.hpp; sourceTree = "<group>"; };
		31EC603F1ECF45BD004671E2 /* nodeadder.cpp */ = {isa = PBXFileReference; fileEncoding = 4; lastKnownFileType = sourcecode.cpp.cpp; path = nodeadder.cpp; sourceTree = "<group>"; };
		31EC60401ECF45BD004671E2 /* nodeadder.hpp */ = {isa = PBXFileReference; fileEncoding = 4; lastKnownFileType = sourcecode.cpp.h; path = nodeadder.hpp; sourceTree = "<group>"; };
		31F610731F27B1C9002D2546 /* monitor.cpp */ = {isa = PBXFileReference; fileEncoding = 4; lastKnownFileType = sourcecode.cpp.cpp; path = monitor.cpp; sourceTree = "<group>"; };
		31F610741F27B1C9002D2546 /* monitor.hpp */ = {isa = PBXFileReference; fileEncoding = 4; lastKnownFileType = sourcecode.cpp.h; path = monitor.hpp; sourceTree = "<group>"; };
		8835ABAF1EF82EF7006C3F91 /* nodeaudioinput.cpp */ = {isa = PBXFileReference; fileEncoding = 4; lastKnownFileType = sourcecode.cpp.cpp; path = nodeaudioinput.cpp; sourceTree = "<group>"; };
		8835ABB01EF82EF7006C3F91 /* nodeaudioinput.hpp */ = {isa = PBXFileReference; fileEncoding = 4; lastKnownFileType = sourcecode.cpp.h; path = nodeaudioinput.hpp; sourceTree = "<group>"; };
		885048831EFBE4560045B9C8 /* nodefollower.cpp */ = {isa = PBXFileReference; fileEncoding = 4; lastKnownFileType = sourcecode.cpp.cpp; path = nodefollower.cpp; sourceTree = "<group>"; };
		885048841EFBE4560045B9C8 /* nodefollower.hpp */ = {isa = PBXFileReference; fileEncoding = 4; lastKnownFileType = sourcecode.cpp.h; path = nodefollower.hpp; sourceTree = "<group>"; };
		886F98A31ED7245E003B8235 /* nodeleadkeyinfo.cpp */ = {isa = PBXFileReference; fileEncoding = 4; lastKnownFileType = sourcecode.cpp.cpp; path = nodeleadkeyinfo.cpp; sourceTree = "<group>"; };
		886F98A41ED7245E003B8235 /* nodeleadkeyinfo.hpp */ = {isa = PBXFileReference; fileEncoding = 4; lastKnownFileType = sourcecode.cpp.h; path = nodeleadkeyinfo.hpp; sourceTree = "<group>"; };
		8870D94E1EEC014600674DFC /* status.cpp */ = {isa = PBXFileReference; fileEncoding = 4; lastKnownFileType = sourcecode.cpp.cpp; path = status.cpp; sourceTree = "<group>"; };
		8870D94F1EEC014600674DFC /* status.hpp */ = {isa = PBXFileReference; fileEncoding = 4; lastKnownFileType = sourcecode.cpp.h; path = status.hpp; sourceTree = "<group>"; };
		88846F681EE961D000745184 /* nodebandpass.cpp */ = {isa = PBXFileReference; fileEncoding = 4; lastKnownFileType = sourcecode.cpp.cpp; path = nodebandpass.cpp; sourceTree = "<group>"; };
		88846F691EE961D000745184 /* nodebandpass.hpp */ = {isa = PBXFileReference; fileEncoding = 4; lastKnownFileType = sourcecode.cpp.h; path = nodebandpass.hpp; sourceTree = "<group>"; };
		8888FE1B1EDF5D1000B5D5BC /* nodefuzz.cpp */ = {isa = PBXFileReference; fileEncoding = 4; lastKnownFileType = sourcecode.cpp.cpp; path = nodefuzz.cpp; sourceTree = "<group>"; };
		8888FE1C1EDF5D1000B5D5BC /* nodefuzz.hpp */ = {isa = PBXFileReference; fileEncoding = 4; lastKnownFileType = sourcecode.cpp.h; path = nodefuzz.hpp; sourceTree = "<group>"; };
		88A285311EE010B900066E68 /* nodedelay.cpp */ = {isa = PBXFileReference; fileEncoding = 4; lastKnownFileType = sourcecode.cpp.cpp; path = nodedelay.cpp; sourceTree = "<group>"; };
		88A285321EE010B900066E68 /* nodedelay.hpp */ = {isa = PBXFileReference; fileEncoding = 4; lastKnownFileType = sourcecode.cpp.h; path = nodedelay.hpp; sourceTree = "<group>"; };
		88B0640B1EDDA86C00DE06E7 /* nodeconditional.cpp */ = {isa = PBXFileReference; fileEncoding = 4; lastKnownFileType = sourcecode.cpp.cpp; path = nodeconditional.cpp; sourceTree = "<group>"; };
		88B0640C1EDDA86C00DE06E7 /* nodeconditional.hpp */ = {isa = PBXFileReference; fileEncoding = 4; lastKnownFileType = sourcecode.cpp.h; path = nodeconditional.hpp; sourceTree = "<group>"; };
		88DC88A81F0ADAF50083DF20 /* nodefactory.cpp */ = {isa = PBXFileReference; fileEncoding = 4; lastKnownFileType = sourcecode.cpp.cpp; path = nodefactory.cpp; sourceTree = "<group>"; };
		88DC88A91F0ADAF50083DF20 /* nodefactory.hpp */ = {isa = PBXFileReference; fileEncoding = 4; lastKnownFileType = sourcecode.cpp.h; path = nodefactory.hpp; sourceTree = "<group>"; };
		88F58ABF1EE6CBD8004F1945 /* nodeparameter.cpp */ = {isa = PBXFileReference; fileEncoding = 4; lastKnownFileType = sourcecode.cpp.cpp; path = nodeparameter.cpp; sourceTree = "<group>"; };
		88F58AC01EE6CBD8004F1945 /* nodeparameter.hpp */ = {isa = PBXFileReference; fileEncoding = 4; lastKnownFileType = sourcecode.cpp.h; path = nodeparameter.hpp; sourceTree = "<group>"; };
		88F6E7701EF3196B006E6D49 /* nodeinput.cpp */ = {isa = PBXFileReference; fileEncoding = 4; lastKnownFileType = sourcecode.cpp.cpp; path = nodeinput.cpp; sourceTree = "<group>"; };
		88F6E7711EF3196B006E6D49 /* nodeinput.hpp */ = {isa = PBXFileReference; fileEncoding = 4; lastKnownFileType = sourcecode.cpp.h; path = nodeinput.hpp; sourceTree = "<group>"; };
/* End PBXFileReference section */

/* Begin PBXFrameworksBuildPhase section */
		3102854D1EC8DB5600B4A5F6 /* Frameworks */ = {
			isa = PBXFrameworksBuildPhase;
			buildActionMask = 2147483647;
			files = (
				3102855B1EC8DEC900B4A5F6 /* libportaudio.a in Frameworks */,
				3102855D1EC8E6D200B4A5F6 /* libportmidi.dylib in Frameworks */,
			);
			runOnlyForDeploymentPostprocessing = 0;
		};
/* End PBXFrameworksBuildPhase section */

/* Begin PBXGroup section */
		310285471EC8DB5600B4A5F6 = {
			isa = PBXGroup;
			children = (
				3102855C1EC8E6D200B4A5F6 /* libportmidi.dylib */,
				3102855A1EC8DEC900B4A5F6 /* libportaudio.a */,
				310285521EC8DB5600B4A5F6 /* synthesizer */,
				310285511EC8DB5600B4A5F6 /* Products */,
			);
			sourceTree = "<group>";
		};
		310285511EC8DB5600B4A5F6 /* Products */ = {
			isa = PBXGroup;
			children = (
				310285501EC8DB5600B4A5F6 /* synthesizer */,
			);
			name = Products;
			sourceTree = "<group>";
		};
		310285521EC8DB5600B4A5F6 /* synthesizer */ = {
			isa = PBXGroup;
			children = (
				31D719771ECE2D2200A4C9E0 /* main */,
				31D7197A1ECE2D9A00A4C9E0 /* core */,
				31D719701ECE0F5F00A4C9E0 /* nodes */,
				31D7197B1ECE2E1500A4C9E0 /* commands */,
				31D719791ECE2D6300A4C9E0 /* tools */,
				88D021D41F0B8561001FBB0C /* other */,
			);
			path = synthesizer;
			sourceTree = "<group>";
		};
		3111D6E81F103FB2000AEE3C /* audio */ = {
			isa = PBXGroup;
			children = (
				8835ABAF1EF82EF7006C3F91 /* nodeaudioinput.cpp */,
				8835ABB01EF82EF7006C3F91 /* nodeaudioinput.hpp */,
				3111D6E51F101677000AEE3C /* nodeaudiooutput.cpp */,
				3111D6E61F101677000AEE3C /* nodeaudiooutput.hpp */,
			);
			name = audio;
			sourceTree = "<group>";
		};
		3111D6E91F103FC7000AEE3C /* core */ = {
			isa = PBXGroup;
			children = (
				319C900B1EF70C3D0041705D /* nodes.cpp */,
				319C900C1EF70C3D0041705D /* nodes.hpp */,
				31D719691ECDEE2E00A4C9E0 /* node.cpp */,
				31D7196A1ECDEE2E00A4C9E0 /* node.hpp */,
				88DC88A81F0ADAF50083DF20 /* nodefactory.cpp */,
				88DC88A91F0ADAF50083DF20 /* nodefactory.hpp */,
				3111D6E21F0FF5FF000AEE3C /* nodecollector.cpp */,
				3111D6E31F0FF5FF000AEE3C /* nodecollector.hpp */,
				314323EE1F1A914300325B06 /* nodecustom.cpp */,
				314323EF1F1A914300325B06 /* nodecustom.hpp */,
			);
			name = core;
			sourceTree = "<group>";
		};
		3111D6EA1F10401C000AEE3C /* envelope */ = {
			isa = PBXGroup;
			children = (
				31D7195E1ECC4E5700A4C9E0 /* nodeADSR.cpp */,
				31D7195F1ECC4E5700A4C9E0 /* nodeADSR.hpp */,
				885048831EFBE4560045B9C8 /* nodefollower.cpp */,
				885048841EFBE4560045B9C8 /* nodefollower.hpp */,
			);
			name = envelope;
			sourceTree = "<group>";
		};
		3111D6EB1F104033000AEE3C /* generator */ = {
			isa = PBXGroup;
			children = (
				31EC60361ECF3169004671E2 /* nodeoscillator.cpp */,
				31EC60371ECF3169004671E2 /* nodeoscillator.hpp */,
				31BB3B0D1EE33FD80077FA4D /* nodePWM.cpp */,
				31BB3B0E1EE33FD80077FA4D /* nodePWM.hpp */,
			);
			name = generator;
			sourceTree = "<group>";
		};
		31D719701ECE0F5F00A4C9E0 /* nodes */ = {
			isa = PBXGroup;
			children = (
				3111D6E91F103FC7000AEE3C /* core */,
				3111D6E81F103FB2000AEE3C /* audio */,
				886F98AD1ED72840003B8235 /* constant */,
				886F98AA1ED7275E003B8235 /* info */,
				888788021EE0518E007F04EA /* functions */,
				3111D6EB1F104033000AEE3C /* generator */,
				3111D6EA1F10401C000AEE3C /* envelope */,
				888788011EE0514C007F04EA /* effects */,
				886F98AB1ED72799003B8235 /* filters */,
			);
			name = nodes;
			sourceTree = "<group>";
		};
		31D719771ECE2D2200A4C9E0 /* main */ = {
			isa = PBXGroup;
			children = (
				310285531EC8DB5600B4A5F6 /* main.cpp */,
			);
			name = main;
			sourceTree = "<group>";
		};
		31D719781ECE2D3A00A4C9E0 /* devices */ = {
			isa = PBXGroup;
			children = (
				310285611EC8E87400B4A5F6 /* audiodevices.cpp */,
				310285621EC8E87400B4A5F6 /* audiodevices.hpp */,
				310285641EC8E9A600B4A5F6 /* mididevices.cpp */,
				310285651EC8E9A600B4A5F6 /* mididevices.hpp */,
				319C90051EF6EB900041705D /* mididevice.cpp */,
				319C90061EF6EB900041705D /* mididevice.hpp */,
			);
			name = devices;
			sourceTree = "<group>";
		};
		31D719791ECE2D6300A4C9E0 /* tools */ = {
			isa = PBXGroup;
			children = (
				31EC60301ECF264F004671E2 /* util.cpp */,
				31EC60311ECF264F004671E2 /* util.hpp */,
			);
			name = tools;
			sourceTree = "<group>";
		};
		31D7197A1ECE2D9A00A4C9E0 /* core */ = {
			isa = PBXGroup;
			children = (
				3102855E1EC8E7E300B4A5F6 /* controller.cpp */,
				3102855F1EC8E7E300B4A5F6 /* controller.hpp */,
				31D719551ECB04BA00A4C9E0 /* settings.cpp */,
				31D719561ECB04BA00A4C9E0 /* settings.hpp */,
				8870D94E1EEC014600674DFC /* status.cpp */,
				8870D94F1EEC014600674DFC /* status.hpp */,
				31D719781ECE2D3A00A4C9E0 /* devices */,
			);
			name = core;
			sourceTree = "<group>";
		};
		31D7197B1ECE2E1500A4C9E0 /* commands */ = {
			isa = PBXGroup;
			children = (
				31D7197F1ECE317B00A4C9E0 /* commands.cpp */,
				31D719801ECE317B00A4C9E0 /* commands.hpp */,
				31D7197C1ECE2E4500A4C9E0 /* parser.cpp */,
				31D7197D1ECE2E4500A4C9E0 /* parser.hpp */,
			);
			name = commands;
			sourceTree = "<group>";
		};
		886F98AA1ED7275E003B8235 /* info */ = {
			isa = PBXGroup;
			children = (
				31D719741ECE1BE000A4C9E0 /* nodekeyinfo.cpp */,
				31D719751ECE1BE000A4C9E0 /* nodekeyinfo.hpp */,
				886F98A31ED7245E003B8235 /* nodeleadkeyinfo.cpp */,
				886F98A41ED7245E003B8235 /* nodeleadkeyinfo.hpp */,
				31EC60391ECF3CC1004671E2 /* nodemodulationwheel.cpp */,
				31EC603A1ECF3CC1004671E2 /* nodemodulationwheel.hpp */,
			);
			name = info;
			sourceTree = "<group>";
		};
		886F98AB1ED72799003B8235 /* filters */ = {
			isa = PBXGroup;
			children = (
				311049A61ED0C873000E89F1 /* nodelowpass.cpp */,
				311049A71ED0C873000E89F1 /* nodelowpass.hpp */,
				311049A91ED0D375000E89F1 /* nodehighpass.cpp */,
				311049AA1ED0D375000E89F1 /* nodehighpass.hpp */,
				88846F681EE961D000745184 /* nodebandpass.cpp */,
				88846F691EE961D000745184 /* nodebandpass.hpp */,
			);
			name = filters;
			sourceTree = "<group>";
		};
		886F98AD1ED72840003B8235 /* constant */ = {
			isa = PBXGroup;
			children = (
				31EC60331ECF2811004671E2 /* nodeconstant.cpp */,
				31EC60341ECF2811004671E2 /* nodeconstant.hpp */,
				31DE9FF71ED337D4003F5291 /* nodelabel.cpp */,
				31DE9FF81ED337D4003F5291 /* nodelabel.hpp */,
				88F58ABF1EE6CBD8004F1945 /* nodeparameter.cpp */,
				88F58AC01EE6CBD8004F1945 /* nodeparameter.hpp */,
			);
			name = constant;
			sourceTree = "<group>";
		};
		888788011EE0514C007F04EA /* effects */ = {
			isa = PBXGroup;
			children = (
				8888FE1B1EDF5D1000B5D5BC /* nodefuzz.cpp */,
				8888FE1C1EDF5D1000B5D5BC /* nodefuzz.hpp */,
				88A285311EE010B900066E68 /* nodedelay.cpp */,
				88A285321EE010B900066E68 /* nodedelay.hpp */,
			);
			name = effects;
			sourceTree = "<group>";
		};
		888788021EE0518E007F04EA /* functions */ = {
			isa = PBXGroup;
			children = (
				31EC603F1ECF45BD004671E2 /* nodeadder.cpp */,
				31EC60401ECF45BD004671E2 /* nodeadder.hpp */,
				88B0640B1EDDA86C00DE06E7 /* nodeconditional.cpp */,
				88B0640C1EDDA86C00DE06E7 /* nodeconditional.hpp */,
			);
			name = functions;
			sourceTree = "<group>";
		};
		88D021D41F0B8561001FBB0C /* other */ = {
			isa = PBXGroup;
			children = (
				31D0317C1F2768FA0031732B /* options.cpp */,
				31D0317D1F2768FA0031732B /* options.hpp */,
				310EFDF11ECA384100F28034 /* midistate.cpp */,
				310EFDF21ECA384100F28034 /* midistate.hpp */,
				312D2EA61ED1C6F1005B4508 /* keyevent.cpp */,
				312D2EA41ED1B72D005B4508 /* keyevent.hpp */,
				31D719581ECB0BAE00A4C9E0 /* sample.cpp */,
				31D719591ECB0BAE00A4C9E0 /* sample.hpp */,
				31D719611ECC9D9800A4C9E0 /* curve.cpp */,
				31D719621ECC9D9800A4C9E0 /* curve.hpp */,
				88F6E7701EF3196B006E6D49 /* nodeinput.cpp */,
				88F6E7711EF3196B006E6D49 /* nodeinput.hpp */,
				314323EB1F1A615F00325B06 /* nodeoutput.cpp */,
				314323EC1F1A615F00325B06 /* nodeoutput.hpp */,
				3174D24C1EFEB8EF00A229A8 /* IIRfilter.cpp */,
				3174D24D1EFEB8EF00A229A8 /* IIRfilter.hpp */,
				31F610731F27B1C9002D2546 /* monitor.cpp */,
				31F610741F27B1C9002D2546 /* monitor.hpp */,
			);
			name = other;
			sourceTree = "<group>";
		};
/* End PBXGroup section */

/* Begin PBXNativeTarget section */
		3102854F1EC8DB5600B4A5F6 /* synthesizer */ = {
			isa = PBXNativeTarget;
			buildConfigurationList = 310285571EC8DB5600B4A5F6 /* Build configuration list for PBXNativeTarget "synthesizer" */;
			buildPhases = (
				3102854C1EC8DB5600B4A5F6 /* Sources */,
				3102854D1EC8DB5600B4A5F6 /* Frameworks */,
				3102854E1EC8DB5600B4A5F6 /* Copy Files */,
			);
			buildRules = (
			);
			dependencies = (
			);
			name = synthesizer;
			productName = synthesizer;
			productReference = 310285501EC8DB5600B4A5F6 /* synthesizer */;
			productType = "com.apple.product-type.tool";
		};
/* End PBXNativeTarget section */

/* Begin PBXProject section */
		310285481EC8DB5600B4A5F6 /* Project object */ = {
			isa = PBXProject;
			attributes = {
				LastUpgradeCheck = 0820;
				ORGANIZATIONNAME = "Jesse Vogel";
				TargetAttributes = {
					3102854F1EC8DB5600B4A5F6 = {
						CreatedOnToolsVersion = 7.2.1;
					};
				};
			};
			buildConfigurationList = 3102854B1EC8DB5600B4A5F6 /* Build configuration list for PBXProject "synthesizer" */;
			compatibilityVersion = "Xcode 3.2";
			developmentRegion = English;
			hasScannedForEncodings = 0;
			knownRegions = (
				en,
			);
			mainGroup = 310285471EC8DB5600B4A5F6;
			productRefGroup = 310285511EC8DB5600B4A5F6 /* Products */;
			projectDirPath = "";
			projectRoot = "";
			targets = (
				3102854F1EC8DB5600B4A5F6 /* synthesizer */,
			);
		};
/* End PBXProject section */

/* Begin PBXSourcesBuildPhase section */
		3102854C1EC8DB5600B4A5F6 /* Sources */ = {
			isa = PBXSourcesBuildPhase;
			buildActionMask = 2147483647;
			files = (
				319C90071EF6EB900041705D /* mididevice.cpp in Sources */,
				3174D24E1EFEB8EF00A229A8 /* IIRfilter.cpp in Sources */,
				31F610751F27B1C9002D2546 /* monitor.cpp in Sources */,
				310285601EC8E7E300B4A5F6 /* controller.cpp in Sources */,
				31D0317E1F2768FA0031732B /* options.cpp in Sources */,
				319C900D1EF70C3D0041705D /* nodes.cpp in Sources */,
				314323F01F1A914300325B06 /* nodecustom.cpp in Sources */,
				31DE9FF91ED337D4003F5291 /* nodelabel.cpp in Sources */,
				31D719811ECE317B00A4C9E0 /* commands.cpp in Sources */,
				3111D6E41F0FF5FF000AEE3C /* nodecollector.cpp in Sources */,
				88A285331EE010B900066E68 /* nodedelay.cpp in Sources */,
				31D719761ECE1BE000A4C9E0 /* nodekeyinfo.cpp in Sources */,
				310EFDF31ECA384100F28034 /* midistate.cpp in Sources */,
				31D7197E1ECE2E4500A4C9E0 /* parser.cpp in Sources */,
				31D719601ECC4E5700A4C9E0 /* nodeADSR.cpp in Sources */,
				310285661EC8E9A600B4A5F6 /* mididevices.cpp in Sources */,
				8835ABB11EF82EF7006C3F91 /* nodeaudioinput.cpp in Sources */,
				314323ED1F1A615F00325B06 /* nodeoutput.cpp in Sources */,
				88B0640D1EDDA86C00DE06E7 /* nodeconditional.cpp in Sources */,
				88846F6A1EE961D000745184 /* nodebandpass.cpp in Sources */,
				31EC60351ECF2811004671E2 /* nodeconstant.cpp in Sources */,
				31EC60381ECF3169004671E2 /* nodeoscillator.cpp in Sources */,
				31D7196B1ECDEE2E00A4C9E0 /* node.cpp in Sources */,
				885048851EFBE4560045B9C8 /* nodefollower.cpp in Sources */,
				31BB3B0F1EE33FD80077FA4D /* nodePWM.cpp in Sources */,
				311049A81ED0C873000E89F1 /* nodelowpass.cpp in Sources */,
				31EC60411ECF45BE004671E2 /* nodeadder.cpp in Sources */,
				312D2EA71ED1C6F1005B4508 /* keyevent.cpp in Sources */,
				886F98A51ED7245E003B8235 /* nodeleadkeyinfo.cpp in Sources */,
				88DC88AA1F0ADAF50083DF20 /* nodefactory.cpp in Sources */,
				88F6E7721EF3196B006E6D49 /* nodeinput.cpp in Sources */,
				311049AB1ED0D375000E89F1 /* nodehighpass.cpp in Sources */,
				31EC60321ECF264F004671E2 /* util.cpp in Sources */,
				3111D6E71F101677000AEE3C /* nodeaudiooutput.cpp in Sources */,
				31D719571ECB04BA00A4C9E0 /* settings.cpp in Sources */,
				8888FE1D1EDF5D1000B5D5BC /* nodefuzz.cpp in Sources */,
				31D719631ECC9D9800A4C9E0 /* curve.cpp in Sources */,
				3102856A1EC8F7C300B4A5F6 /* main.cpp in Sources */,
				310285631EC8E87400B4A5F6 /* audiodevices.cpp in Sources */,
				88F58AC11EE6CBD8004F1945 /* nodeparameter.cpp in Sources */,
				31D7195A1ECB0BAE00A4C9E0 /* sample.cpp in Sources */,
				31EC603B1ECF3CC1004671E2 /* nodemodulationwheel.cpp in Sources */,
				8870D9501EEC014600674DFC /* status.cpp in Sources */,
			);
			runOnlyForDeploymentPostprocessing = 0;
		};
/* End PBXSourcesBuildPhase section */

/* Begin XCBuildConfiguration section */
		310285551EC8DB5600B4A5F6 /* Debug */ = {
			isa = XCBuildConfiguration;
			buildSettings = {
				ALWAYS_SEARCH_USER_PATHS = NO;
				CLANG_CXX_LANGUAGE_STANDARD = "gnu++0x";
				CLANG_CXX_LIBRARY = "libc++";
				CLANG_ENABLE_MODULES = YES;
				CLANG_ENABLE_OBJC_ARC = YES;
				CLANG_WARN_BOOL_CONVERSION = YES;
				CLANG_WARN_CONSTANT_CONVERSION = YES;
				CLANG_WARN_DIRECT_OBJC_ISA_USAGE = YES_ERROR;
				CLANG_WARN_EMPTY_BODY = YES;
				CLANG_WARN_ENUM_CONVERSION = YES;
				CLANG_WARN_INT_CONVERSION = YES;
				CLANG_WARN_OBJC_ROOT_CLASS = YES_ERROR;
				CLANG_WARN_UNREACHABLE_CODE = YES;
				CLANG_WARN__DUPLICATE_METHOD_MATCH = YES;
				CODE_SIGN_IDENTITY = "-";
				COPY_PHASE_STRIP = NO;
				DEBUG_INFORMATION_FORMAT = dwarf;
				ENABLE_STRICT_OBJC_MSGSEND = YES;
				ENABLE_TESTABILITY = YES;
				GCC_C_LANGUAGE_STANDARD = gnu99;
				GCC_DYNAMIC_NO_PIC = NO;
				GCC_NO_COMMON_BLOCKS = YES;
				GCC_OPTIMIZATION_LEVEL = 0;
				GCC_PREPROCESSOR_DEFINITIONS = (
					"DEBUG=1",
					"$(inherited)",
				);
				GCC_WARN_64_TO_32_BIT_CONVERSION = YES;
				GCC_WARN_ABOUT_RETURN_TYPE = YES_ERROR;
				GCC_WARN_UNDECLARED_SELECTOR = YES;
				GCC_WARN_UNINITIALIZED_AUTOS = YES_AGGRESSIVE;
				GCC_WARN_UNUSED_FUNCTION = YES;
				GCC_WARN_UNUSED_VARIABLE = YES;
				MACOSX_DEPLOYMENT_TARGET = 10.10;
				MTL_ENABLE_DEBUG_INFO = YES;
				ONLY_ACTIVE_ARCH = YES;
				SDKROOT = macosx;
			};
			name = Debug;
		};
		310285561EC8DB5600B4A5F6 /* Release */ = {
			isa = XCBuildConfiguration;
			buildSettings = {
				ALWAYS_SEARCH_USER_PATHS = NO;
				CLANG_CXX_LANGUAGE_STANDARD = "gnu++0x";
				CLANG_CXX_LIBRARY = "libc++";
				CLANG_ENABLE_MODULES = YES;
				CLANG_ENABLE_OBJC_ARC = YES;
				CLANG_WARN_BOOL_CONVERSION = YES;
				CLANG_WARN_CONSTANT_CONVERSION = YES;
				CLANG_WARN_DIRECT_OBJC_ISA_USAGE = YES_ERROR;
				CLANG_WARN_EMPTY_BODY = YES;
				CLANG_WARN_ENUM_CONVERSION = YES;
				CLANG_WARN_INT_CONVERSION = YES;
				CLANG_WARN_OBJC_ROOT_CLASS = YES_ERROR;
				CLANG_WARN_UNREACHABLE_CODE = YES;
				CLANG_WARN__DUPLICATE_METHOD_MATCH = YES;
				CODE_SIGN_IDENTITY = "-";
				COPY_PHASE_STRIP = NO;
				DEBUG_INFORMATION_FORMAT = "dwarf-with-dsym";
				ENABLE_NS_ASSERTIONS = NO;
				ENABLE_STRICT_OBJC_MSGSEND = YES;
				GCC_C_LANGUAGE_STANDARD = gnu99;
				GCC_NO_COMMON_BLOCKS = YES;
				GCC_WARN_64_TO_32_BIT_CONVERSION = YES;
				GCC_WARN_ABOUT_RETURN_TYPE = YES_ERROR;
				GCC_WARN_UNDECLARED_SELECTOR = YES;
				GCC_WARN_UNINITIALIZED_AUTOS = YES_AGGRESSIVE;
				GCC_WARN_UNUSED_FUNCTION = YES;
				GCC_WARN_UNUSED_VARIABLE = YES;
				MACOSX_DEPLOYMENT_TARGET = 10.10;
				MTL_ENABLE_DEBUG_INFO = NO;
				SDKROOT = macosx;
			};
			name = Release;
		};
		310285581EC8DB5600B4A5F6 /* Debug */ = {
			isa = XCBuildConfiguration;
			buildSettings = {
				HEADER_SEARCH_PATHS = /usr/local/include;
				LIBRARY_SEARCH_PATHS = /usr/local/lib;
				PRODUCT_NAME = "$(TARGET_NAME)";
			};
			name = Debug;
		};
		310285591EC8DB5600B4A5F6 /* Release */ = {
			isa = XCBuildConfiguration;
			buildSettings = {
				HEADER_SEARCH_PATHS = /usr/local/include;
				LIBRARY_SEARCH_PATHS = /usr/local/lib;
				PRODUCT_NAME = "$(TARGET_NAME)";
			};
			name = Release;
		};
/* End XCBuildConfiguration section */

/* Begin XCConfigurationList section */
		3102854B1EC8DB5600B4A5F6 /* Build configuration list for PBXProject "synthesizer" */ = {
			isa = XCConfigurationList;
			buildConfigurations = (
				310285551EC8DB5600B4A5F6 /* Debug */,
				310285561EC8DB5600B4A5F6 /* Release */,
			);
			defaultConfigurationIsVisible = 0;
			defaultConfigurationName = Release;
		};
		310285571EC8DB5600B4A5F6 /* Build configuration list for PBXNativeTarget "synthesizer" */ = {
			isa = XCConfigurationList;
			buildConfigurations = (
				310285581EC8DB5600B4A5F6 /* Debug */,
				310285591EC8DB5600B4A5F6 /* Release */,
			);
			defaultConfigurationIsVisible = 0;
			defaultConfigurationName = Release;
		};
/* End XCConfigurationList section */
	};
	rootObject = 310285481EC8DB5600B4A5F6 /* Project object */;
}
